
Microsoft Visual Studio Solution File, Format Version 12.00
# Visual Studio Version 17
VisualStudioVersion = 17.13.35806.99 d17.13
MinimumVisualStudioVersion = 10.0.40219.1
Project("{FAE04EC0-301F-11D3-BF4B-00C04F79EFBC}") = "DemoDocuments", "DemoDocuments.csproj", "{B2D3899A-6DD0-4A56-838F-0E9A4D004A87}"
EndProject
Global
	GlobalSection(SolutionConfigurationPlatforms) = preSolution
		Debug|Any CPU = Debug|Any CPU
		Release|Any CPU = Release|Any CPU
	EndGlobalSection
	GlobalSection(ProjectConfigurationPlatforms) = postSolution
		{B2D3899A-6DD0-4A56-838F-0E9A4D004A87}.Debug|Any CPU.ActiveCfg = Debug|Any CPU
		{B2D3899A-6DD0-4A56-838F-0E9A4D004A87}.Debug|Any CPU.Build.0 = Debug|Any CPU
		{B2D3899A-6DD0-4A56-838F-0E9A4D004A87}.Release|Any CPU.ActiveCfg = Release|Any CPU
		{B2D3899A-6DD0-4A56-838F-0E9A4D004A87}.Release|Any CPU.Build.0 = Release|Any CPU
	EndGlobalSection
	GlobalSection(SolutionProperties) = preSolution
		HideSolutionNode = FALSE
	EndGlobalSection
	GlobalSection(ExtensibilityGlobals) = postSolution
		SolutionGuid = {1F7D1DB3-EEE8-4B98-ABCC-20F0C38BECF3}
	EndGlobalSection
EndGlobal
